// !$*UTF8*$!
{
	archiveVersion = 1;
	classes = {
	};
	objectVersion = 46;
	objects = {

/* Begin PBXBuildFile section */
		50311FF918D94874003B55AF /* Foundation.framework in Frameworks */ = {isa = PBXBuildFile; fileRef = 50311FF818D94874003B55AF /* Foundation.framework */; };
		50311FFB18D94874003B55AF /* CoreGraphics.framework in Frameworks */ = {isa = PBXBuildFile; fileRef = 50311FFA18D94874003B55AF /* CoreGraphics.framework */; };
		50311FFD18D94874003B55AF /* UIKit.framework in Frameworks */ = {isa = PBXBuildFile; fileRef = 50311FFC18D94874003B55AF /* UIKit.framework */; };
		5031200318D94874003B55AF /* InfoPlist.strings in Resources */ = {isa = PBXBuildFile; fileRef = 5031200118D94874003B55AF /* InfoPlist.strings */; };
		5031200518D94874003B55AF /* main.m in Sources */ = {isa = PBXBuildFile; fileRef = 5031200418D94874003B55AF /* main.m */; };
		5031200918D94874003B55AF /* AppDelegate.m in Sources */ = {isa = PBXBuildFile; fileRef = 5031200818D94874003B55AF /* AppDelegate.m */; };
		5031200C18D94874003B55AF /* Main_iPhone.storyboard in Resources */ = {isa = PBXBuildFile; fileRef = 5031200A18D94874003B55AF /* Main_iPhone.storyboard */; };
		5031200F18D94874003B55AF /* Main_iPad.storyboard in Resources */ = {isa = PBXBuildFile; fileRef = 5031200D18D94874003B55AF /* Main_iPad.storyboard */; };
		5031201218D94874003B55AF /* ViewController.m in Sources */ = {isa = PBXBuildFile; fileRef = 5031201118D94874003B55AF /* ViewController.m */; };
		5031201418D94874003B55AF /* Images.xcassets in Resources */ = {isa = PBXBuildFile; fileRef = 5031201318D94874003B55AF /* Images.xcassets */; };
		5031201B18D94874003B55AF /* XCTest.framework in Frameworks */ = {isa = PBXBuildFile; fileRef = 5031201A18D94874003B55AF /* XCTest.framework */; };
		5031201C18D94874003B55AF /* Foundation.framework in Frameworks */ = {isa = PBXBuildFile; fileRef = 50311FF818D94874003B55AF /* Foundation.framework */; };
		5031201D18D94874003B55AF /* UIKit.framework in Frameworks */ = {isa = PBXBuildFile; fileRef = 50311FFC18D94874003B55AF /* UIKit.framework */; };
		5031202518D94874003B55AF /* InfoPlist.strings in Resources */ = {isa = PBXBuildFile; fileRef = 5031202318D94874003B55AF /* InfoPlist.strings */; };
		5031202718D94874003B55AF /* MRAAlertViewExampleTests.m in Sources */ = {isa = PBXBuildFile; fileRef = 5031202618D94874003B55AF /* MRAAlertViewExampleTests.m */; };
/* End PBXBuildFile section */

/* Begin PBXContainerItemProxy section */
		5031201E18D94874003B55AF /* PBXContainerItemProxy */ = {
			isa = PBXContainerItemProxy;
			containerPortal = 50311FED18D94874003B55AF /* Project object */;
			proxyType = 1;
			remoteGlobalIDString = 50311FF418D94874003B55AF;
			remoteInfo = MRAAlertViewExample;
		};
/* End PBXContainerItemProxy section */

/* Begin PBXFileReference section */
		50311FF518D94874003B55AF /* MRAAlertViewExample.app */ = {isa = PBXFileReference; explicitFileType = wrapper.application; includeInIndex = 0; path = MRAAlertViewExample.app; sourceTree = BUILT_PRODUCTS_DIR; };
		50311FF818D94874003B55AF /* Foundation.framework */ = {isa = PBXFileReference; lastKnownFileType = wrapper.framework; name = Foundation.framework; path = System/Library/Frameworks/Foundation.framework; sourceTree = SDKROOT; };
		50311FFA18D94874003B55AF /* CoreGraphics.framework */ = {isa = PBXFileReference; lastKnownFileType = wrapper.framework; name = CoreGraphics.framework; path = System/Library/Frameworks/CoreGraphics.framework; sourceTree = SDKROOT; };
		50311FFC18D94874003B55AF /* UIKit.framework */ = {isa = PBXFileReference; lastKnownFileType = wrapper.framework; name = UIKit.framework; path = System/Library/Frameworks/UIKit.framework; sourceTree = SDKROOT; };
		5031200018D94874003B55AF /* MRAAlertViewExample-Info.plist */ = {isa = PBXFileReference; lastKnownFileType = text.plist.xml; path = "MRAAlertViewExample-Info.plist"; sourceTree = "<group>"; };
		5031200218D94874003B55AF /* en */ = {isa = PBXFileReference; lastKnownFileType = text.plist.strings; name = en; path = en.lproj/InfoPlist.strings; sourceTree = "<group>"; };
		5031200418D94874003B55AF /* main.m */ = {isa = PBXFileReference; lastKnownFileType = sourcecode.c.objc; path = main.m; sourceTree = "<group>"; };
		5031200618D94874003B55AF /* MRAAlertViewExample-Prefix.pch */ = {isa = PBXFileReference; lastKnownFileType = sourcecode.c.h; path = "MRAAlertViewExample-Prefix.pch"; sourceTree = "<group>"; };
		5031200718D94874003B55AF /* AppDelegate.h */ = {isa = PBXFileReference; lastKnownFileType = sourcecode.c.h; path = AppDelegate.h; sourceTree = "<group>"; };
		5031200818D94874003B55AF /* AppDelegate.m */ = {isa = PBXFileReference; lastKnownFileType = sourcecode.c.objc; path = AppDelegate.m; sourceTree = "<group>"; };
		5031200B18D94874003B55AF /* Base */ = {isa = PBXFileReference; lastKnownFileType = file.storyboard; name = Base; path = Base.lproj/Main_iPhone.storyboard; sourceTree = "<group>"; };
		5031200E18D94874003B55AF /* Base */ = {isa = PBXFileReference; lastKnownFileType = file.storyboard; name = Base; path = Base.lproj/Main_iPad.storyboard; sourceTree = "<group>"; };
		5031201018D94874003B55AF /* ViewController.h */ = {isa = PBXFileReference; lastKnownFileType = sourcecode.c.h; path = ViewController.h; sourceTree = "<group>"; };
		5031201118D94874003B55AF /* ViewController.m */ = {isa = PBXFileReference; lastKnownFileType = sourcecode.c.objc; path = ViewController.m; sourceTree = "<group>"; };
		5031201318D94874003B55AF /* Images.xcassets */ = {isa = PBXFileReference; lastKnownFileType = folder.assetcatalog; path = Images.xcassets; sourceTree = "<group>"; };
		5031201918D94874003B55AF /* MRAAlertViewExampleTests.xctest */ = {isa = PBXFileReference; explicitFileType = wrapper.cfbundle; includeInIndex = 0; path = MRAAlertViewExampleTests.xctest; sourceTree = BUILT_PRODUCTS_DIR; };
		5031201A18D94874003B55AF /* XCTest.framework */ = {isa = PBXFileReference; lastKnownFileType = wrapper.framework; name = XCTest.framework; path = Library/Frameworks/XCTest.framework; sourceTree = DEVELOPER_DIR; };
		5031202218D94874003B55AF /* MRAAlertViewExampleTests-Info.plist */ = {isa = PBXFileReference; lastKnownFileType = text.plist.xml; path = "MRAAlertViewExampleTests-Info.plist"; sourceTree = "<group>"; };
		5031202418D94874003B55AF /* en */ = {isa = PBXFileReference; lastKnownFileType = text.plist.strings; name = en; path = en.lproj/InfoPlist.strings; sourceTree = "<group>"; };
		5031202618D94874003B55AF /* MRAAlertViewExampleTests.m */ = {isa = PBXFileReference; lastKnownFileType = sourcecode.c.objc; path = MRAAlertViewExampleTests.m; sourceTree = "<group>"; };
/* End PBXFileReference section */

/* Begin PBXFrameworksBuildPhase section */
		50311FF218D94874003B55AF /* Frameworks */ = {
			isa = PBXFrameworksBuildPhase;
			buildActionMask = 2147483647;
			files = (
				50311FFB18D94874003B55AF /* CoreGraphics.framework in Frameworks */,
				50311FFD18D94874003B55AF /* UIKit.framework in Frameworks */,
				50311FF918D94874003B55AF /* Foundation.framework in Frameworks */,
			);
			runOnlyForDeploymentPostprocessing = 0;
		};
		5031201618D94874003B55AF /* Frameworks */ = {
			isa = PBXFrameworksBuildPhase;
			buildActionMask = 2147483647;
			files = (
				5031201B18D94874003B55AF /* XCTest.framework in Frameworks */,
				5031201D18D94874003B55AF /* UIKit.framework in Frameworks */,
				5031201C18D94874003B55AF /* Foundation.framework in Frameworks */,
			);
			runOnlyForDeploymentPostprocessing = 0;
		};
/* End PBXFrameworksBuildPhase section */

/* Begin PBXGroup section */
		50311FEC18D94874003B55AF = {
			isa = PBXGroup;
			children = (
				50311FFE18D94874003B55AF /* MRAAlertViewExample */,
				5031202018D94874003B55AF /* MRAAlertViewExampleTests */,
				50311FF718D94874003B55AF /* Frameworks */,
				50311FF618D94874003B55AF /* Products */,
			);
			sourceTree = "<group>";
		};
		50311FF618D94874003B55AF /* Products */ = {
			isa = PBXGroup;
			children = (
				50311FF518D94874003B55AF /* MRAAlertViewExample.app */,
				5031201918D94874003B55AF /* MRAAlertViewExampleTests.xctest */,
			);
			name = Products;
			sourceTree = "<group>";
		};
		50311FF718D94874003B55AF /* Frameworks */ = {
			isa = PBXGroup;
			children = (
				50311FF818D94874003B55AF /* Foundation.framework */,
				50311FFA18D94874003B55AF /* CoreGraphics.framework */,
				50311FFC18D94874003B55AF /* UIKit.framework */,
				5031201A18D94874003B55AF /* XCTest.framework */,
			);
			name = Frameworks;
			sourceTree = "<group>";
		};
		50311FFE18D94874003B55AF /* MRAAlertViewExample */ = {
			isa = PBXGroup;
			children = (
				5031200718D94874003B55AF /* AppDelegate.h */,
				5031200818D94874003B55AF /* AppDelegate.m */,
				5031200A18D94874003B55AF /* Main_iPhone.storyboard */,
				5031200D18D94874003B55AF /* Main_iPad.storyboard */,
				5031201018D94874003B55AF /* ViewController.h */,
				5031201118D94874003B55AF /* ViewController.m */,
				5031201318D94874003B55AF /* Images.xcassets */,
				50311FFF18D94874003B55AF /* Supporting Files */,
			);
			path = MRAAlertViewExample;
			sourceTree = "<group>";
		};
		50311FFF18D94874003B55AF /* Supporting Files */ = {
			isa = PBXGroup;
			children = (
				5031200018D94874003B55AF /* MRAAlertViewExample-Info.plist */,
				5031200118D94874003B55AF /* InfoPlist.strings */,
				5031200418D94874003B55AF /* main.m */,
				5031200618D94874003B55AF /* MRAAlertViewExample-Prefix.pch */,
			);
			name = "Supporting Files";
			sourceTree = "<group>";
		};
		5031202018D94874003B55AF /* MRAAlertViewExampleTests */ = {
			isa = PBXGroup;
			children = (
				5031202618D94874003B55AF /* MRAAlertViewExampleTests.m */,
				5031202118D94874003B55AF /* Supporting Files */,
			);
			path = MRAAlertViewExampleTests;
			sourceTree = "<group>";
		};
		5031202118D94874003B55AF /* Supporting Files */ = {
			isa = PBXGroup;
			children = (
				5031202218D94874003B55AF /* MRAAlertViewExampleTests-Info.plist */,
				5031202318D94874003B55AF /* InfoPlist.strings */,
			);
			name = "Supporting Files";
			sourceTree = "<group>";
		};
/* End PBXGroup section */

/* Begin PBXNativeTarget section */
		50311FF418D94874003B55AF /* MRAAlertViewExample */ = {
			isa = PBXNativeTarget;
			buildConfigurationList = 5031202A18D94874003B55AF /* Build configuration list for PBXNativeTarget "MRAAlertViewExample" */;
			buildPhases = (
				50311FF118D94874003B55AF /* Sources */,
				50311FF218D94874003B55AF /* Frameworks */,
				50311FF318D94874003B55AF /* Resources */,
			);
			buildRules = (
			);
			dependencies = (
			);
			name = MRAAlertViewExample;
			productName = MRAAlertViewExample;
			productReference = 50311FF518D94874003B55AF /* MRAAlertViewExample.app */;
			productType = "com.apple.product-type.application";
		};
		5031201818D94874003B55AF /* MRAAlertViewExampleTests */ = {
			isa = PBXNativeTarget;
			buildConfigurationList = 5031202D18D94874003B55AF /* Build configuration list for PBXNativeTarget "MRAAlertViewExampleTests" */;
			buildPhases = (
				5031201518D94874003B55AF /* Sources */,
				5031201618D94874003B55AF /* Frameworks */,
				5031201718D94874003B55AF /* Resources */,
			);
			buildRules = (
			);
			dependencies = (
				5031201F18D94874003B55AF /* PBXTargetDependency */,
			);
			name = MRAAlertViewExampleTests;
			productName = MRAAlertViewExampleTests;
			productReference = 5031201918D94874003B55AF /* MRAAlertViewExampleTests.xctest */;
			productType = "com.apple.product-type.bundle.unit-test";
		};
/* End PBXNativeTarget section */

/* Begin PBXProject section */
		50311FED18D94874003B55AF /* Project object */ = {
			isa = PBXProject;
			attributes = {
				LastUpgradeCheck = 0510;
				ORGANIZATIONNAME = MetaRain;
				TargetAttributes = {
					5031201818D94874003B55AF = {
						TestTargetID = 50311FF418D94874003B55AF;
					};
				};
			};
			buildConfigurationList = 50311FF018D94874003B55AF /* Build configuration list for PBXProject "MRAAlertViewExample" */;
			compatibilityVersion = "Xcode 3.2";
			developmentRegion = English;
			hasScannedForEncodings = 0;
			knownRegions = (
				en,
				Base,
			);
			mainGroup = 50311FEC18D94874003B55AF;
			productRefGroup = 50311FF618D94874003B55AF /* Products */;
			projectDirPath = "";
			projectRoot = "";
			targets = (
				50311FF418D94874003B55AF /* MRAAlertViewExample */,
				5031201818D94874003B55AF /* MRAAlertViewExampleTests */,
			);
		};
/* End PBXProject section */

/* Begin PBXResourcesBuildPhase section */
		50311FF318D94874003B55AF /* Resources */ = {
			isa = PBXResourcesBuildPhase;
			buildActionMask = 2147483647;
			files = (
				5031200F18D94874003B55AF /* Main_iPad.storyboard in Resources */,
				5031201418D94874003B55AF /* Images.xcassets in Resources */,
				5031200C18D94874003B55AF /* Main_iPhone.storyboard in Resources */,
				5031200318D94874003B55AF /* InfoPlist.strings in Resources */,
			);
			runOnlyForDeploymentPostprocessing = 0;
		};
		5031201718D94874003B55AF /* Resources */ = {
			isa = PBXResourcesBuildPhase;
			buildActionMask = 2147483647;
			files = (
				5031202518D94874003B55AF /* InfoPlist.strings in Resources */,
			);
			runOnlyForDeploymentPostprocessing = 0;
		};
/* End PBXResourcesBuildPhase section */

/* Begin PBXSourcesBuildPhase section */
		50311FF118D94874003B55AF /* Sources */ = {
			isa = PBXSourcesBuildPhase;
			buildActionMask = 2147483647;
			files = (
				5031201218D94874003B55AF /* ViewController.m in Sources */,
				5031200918D94874003B55AF /* AppDelegate.m in Sources */,
				5031200518D94874003B55AF /* main.m in Sources */,
			);
			runOnlyForDeploymentPostprocessing = 0;
		};
		5031201518D94874003B55AF /* Sources */ = {
			isa = PBXSourcesBuildPhase;
			buildActionMask = 2147483647;
			files = (
				5031202718D94874003B55AF /* MRAAlertViewExampleTests.m in Sources */,
			);
			runOnlyForDeploymentPostprocessing = 0;
		};
/* End PBXSourcesBuildPhase section */

/* Begin PBXTargetDependency section */
		5031201F18D94874003B55AF /* PBXTargetDependency */ = {
			isa = PBXTargetDependency;
			target = 50311FF418D94874003B55AF /* MRAAlertViewExample */;
			targetProxy = 5031201E18D94874003B55AF /* PBXContainerItemProxy */;
		};
/* End PBXTargetDependency section */

/* Begin PBXVariantGroup section */
		5031200118D94874003B55AF /* InfoPlist.strings */ = {
			isa = PBXVariantGroup;
			children = (
				5031200218D94874003B55AF /* en */,
			);
			name = InfoPlist.strings;
			sourceTree = "<group>";
		};
		5031200A18D94874003B55AF /* Main_iPhone.storyboard */ = {
			isa = PBXVariantGroup;
			children = (
				5031200B18D94874003B55AF /* Base */,
			);
			name = Main_iPhone.storyboard;
			sourceTree = "<group>";
		};
		5031200D18D94874003B55AF /* Main_iPad.storyboard */ = {
			isa = PBXVariantGroup;
			children = (
				5031200E18D94874003B55AF /* Base */,
			);
			name = Main_iPad.storyboard;
			sourceTree = "<group>";
		};
		5031202318D94874003B55AF /* InfoPlist.strings */ = {
			isa = PBXVariantGroup;
			children = (
				5031202418D94874003B55AF /* en */,
			);
			name = InfoPlist.strings;
			sourceTree = "<group>";
		};
/* End PBXVariantGroup section */

/* Begin XCBuildConfiguration section */
		5031202818D94874003B55AF /* Debug */ = {
			isa = XCBuildConfiguration;
			buildSettings = {
				ALWAYS_SEARCH_USER_PATHS = NO;
				CLANG_CXX_LANGUAGE_STANDARD = "gnu++0x";
				CLANG_CXX_LIBRARY = "libc++";
				CLANG_ENABLE_MODULES = YES;
				CLANG_ENABLE_OBJC_ARC = YES;
				CLANG_WARN_BOOL_CONVERSION = YES;
				CLANG_WARN_CONSTANT_CONVERSION = YES;
				CLANG_WARN_DIRECT_OBJC_ISA_USAGE = YES_ERROR;
				CLANG_WARN_EMPTY_BODY = YES;
				CLANG_WARN_ENUM_CONVERSION = YES;
				CLANG_WARN_INT_CONVERSION = YES;
				CLANG_WARN_OBJC_ROOT_CLASS = YES_ERROR;
				CLANG_WARN__DUPLICATE_METHOD_MATCH = YES;
				"CODE_SIGN_IDENTITY[sdk=iphoneos*]" = "iPhone Developer";
				COPY_PHASE_STRIP = NO;
				GCC_C_LANGUAGE_STANDARD = gnu99;
				GCC_DYNAMIC_NO_PIC = NO;
				GCC_OPTIMIZATION_LEVEL = 0;
				GCC_PREPROCESSOR_DEFINITIONS = (
					"DEBUG=1",
					"$(inherited)",
				);
				GCC_SYMBOLS_PRIVATE_EXTERN = NO;
				GCC_WARN_64_TO_32_BIT_CONVERSION = YES;
				GCC_WARN_ABOUT_RETURN_TYPE = YES_ERROR;
				GCC_WARN_UNDECLARED_SELECTOR = YES;
				GCC_WARN_UNINITIALIZED_AUTOS = YES_AGGRESSIVE;
				GCC_WARN_UNUSED_FUNCTION = YES;
				GCC_WARN_UNUSED_VARIABLE = YES;
				IPHONEOS_DEPLOYMENT_TARGET = 7.1;
				ONLY_ACTIVE_ARCH = YES;
				SDKROOT = iphoneos;
				TARGETED_DEVICE_FAMILY = "1,2";
			};
			name = Debug;
		};
		5031202918D94874003B55AF /* Release */ = {
			isa = XCBuildConfiguration;
			buildSettings = {
				ALWAYS_SEARCH_USER_PATHS = NO;
				CLANG_CXX_LANGUAGE_STANDARD = "gnu++0x";
				CLANG_CXX_LIBRARY = "libc++";
				CLANG_ENABLE_MODULES = YES;
				CLANG_ENABLE_OBJC_ARC = YES;
				CLANG_WARN_BOOL_CONVERSION = YES;
				CLANG_WARN_CONSTANT_CONVERSION = YES;
				CLANG_WARN_DIRECT_OBJC_ISA_USAGE = YES_ERROR;
				CLANG_WARN_EMPTY_BODY = YES;
				CLANG_WARN_ENUM_CONVERSION = YES;
				CLANG_WARN_INT_CONVERSION = YES;
				CLANG_WARN_OBJC_ROOT_CLASS = YES_ERROR;
				CLANG_WARN__DUPLICATE_METHOD_MATCH = YES;
				"CODE_SIGN_IDENTITY[sdk=iphoneos*]" = "iPhone Developer";
				COPY_PHASE_STRIP = YES;
				ENABLE_NS_ASSERTIONS = NO;
				GCC_C_LANGUAGE_STANDARD = gnu99;
				GCC_WARN_64_TO_32_BIT_CONVERSION = YES;
				GCC_WARN_ABOUT_RETURN_TYPE = YES_ERROR;
				GCC_WARN_UNDECLARED_SELECTOR = YES;
				GCC_WARN_UNINITIALIZED_AUTOS = YES_AGGRESSIVE;
				GCC_WARN_UNUSED_FUNCTION = YES;
				GCC_WARN_UNUSED_VARIABLE = YES;
				IPHONEOS_DEPLOYMENT_TARGET = 7.1;
				SDKROOT = iphoneos;
				TARGETED_DEVICE_FAMILY = "1,2";
				VALIDATE_PRODUCT = YES;
			};
			name = Release;
		};
		5031202B18D94874003B55AF /* Debug */ = {
			isa = XCBuildConfiguration;
			buildSettings = {
				ASSETCATALOG_COMPILER_APPICON_NAME = AppIcon;
				ASSETCATALOG_COMPILER_LAUNCHIMAGE_NAME = LaunchImage;
				GCC_PRECOMPILE_PREFIX_HEADER = YES;
				GCC_PREFIX_HEADER = "MRAAlertViewExample/MRAAlertViewExample-Prefix.pch";
				INFOPLIST_FILE = "MRAAlertViewExample/MRAAlertViewExample-Info.plist";
				PRODUCT_NAME = "$(TARGET_NAME)";
				WRAPPER_EXTENSION = app;
			};
			name = Debug;
		};
		5031202C18D94874003B55AF /* Release */ = {
			isa = XCBuildConfiguration;
			buildSettings = {
				ASSETCATALOG_COMPILER_APPICON_NAME = AppIcon;
				ASSETCATALOG_COMPILER_LAUNCHIMAGE_NAME = LaunchImage;
				GCC_PRECOMPILE_PREFIX_HEADER = YES;
				GCC_PREFIX_HEADER = "MRAAlertViewExample/MRAAlertViewExample-Prefix.pch";
				INFOPLIST_FILE = "MRAAlertViewExample/MRAAlertViewExample-Info.plist";
				PRODUCT_NAME = "$(TARGET_NAME)";
				WRAPPER_EXTENSION = app;
			};
			name = Release;
		};
		5031202E18D94874003B55AF /* Debug */ = {
			isa = XCBuildConfiguration;
			buildSettings = {
				BUNDLE_LOADER = "$(BUILT_PRODUCTS_DIR)/MRAAlertViewExample.app/MRAAlertViewExample";
				FRAMEWORK_SEARCH_PATHS = (
					"$(SDKROOT)/Developer/Library/Frameworks",
					"$(inherited)",
					"$(DEVELOPER_FRAMEWORKS_DIR)",
				);
				GCC_PRECOMPILE_PREFIX_HEADER = YES;
				GCC_PREFIX_HEADER = "MRAAlertViewExample/MRAAlertViewExample-Prefix.pch";
				GCC_PREPROCESSOR_DEFINITIONS = (
					"DEBUG=1",
					"$(inherited)",
				);
				INFOPLIST_FILE = "MRAAlertViewExampleTests/MRAAlertViewExampleTests-Info.plist";
				PRODUCT_NAME = "$(TARGET_NAME)";
				TEST_HOST = "$(BUNDLE_LOADER)";
				WRAPPER_EXTENSION = xctest;
			};
			name = Debug;
		};
		5031202F18D94874003B55AF /* Release */ = {
			isa = XCBuildConfiguration;
			buildSettings = {
				BUNDLE_LOADER = "$(BUILT_PRODUCTS_DIR)/MRAAlertViewExample.app/MRAAlertViewExample";
				FRAMEWORK_SEARCH_PATHS = (
					"$(SDKROOT)/Developer/Library/Frameworks",
					"$(inherited)",
					"$(DEVELOPER_FRAMEWORKS_DIR)",
				);
				GCC_PRECOMPILE_PREFIX_HEADER = YES;
				GCC_PREFIX_HEADER = "MRAAlertViewExample/MRAAlertViewExample-Prefix.pch";
				INFOPLIST_FILE = "MRAAlertViewExampleTests/MRAAlertViewExampleTests-Info.plist";
				PRODUCT_NAME = "$(TARGET_NAME)";
				TEST_HOST = "$(BUNDLE_LOADER)";
				WRAPPER_EXTENSION = xctest;
			};
			name = Release;
		};
/* End XCBuildConfiguration section */

/* Begin XCConfigurationList section */
		50311FF018D94874003B55AF /* Build configuration list for PBXProject "MRAAlertViewExample" */ = {
			isa = XCConfigurationList;
			buildConfigurations = (
				5031202818D94874003B55AF /* Debug */,
				5031202918D94874003B55AF /* Release */,
			);
			defaultConfigurationIsVisible = 0;
			defaultConfigurationName = Release;
		};
		5031202A18D94874003B55AF /* Build configuration list for PBXNativeTarget "MRAAlertViewExample" */ = {
			isa = XCConfigurationList;
			buildConfigurations = (
				5031202B18D94874003B55AF /* Debug */,
				5031202C18D94874003B55AF /* Release */,
			);
			defaultConfigurationIsVisible = 0;
		};
		5031202D18D94874003B55AF /* Build configuration list for PBXNativeTarget "MRAAlertViewExampleTests" */ = {
			isa = XCConfigurationList;
			buildConfigurations = (
				5031202E18D94874003B55AF /* Debug */,
				5031202F18D94874003B55AF /* Release */,
			);
			defaultConfigurationIsVisible = 0;
		};
/* End XCConfigurationList section */
	};
	rootObject = 50311FED18D94874003B55AF /* Project object */;
}
